
Microsoft Visual Studio Solution File, Format Version 12.00
# Visual Studio Version 17
VisualStudioVersion = 17.9.34701.34
MinimumVisualStudioVersion = 10.0.40219.1
Project("{FAE04EC0-301F-11D3-BF4B-00C04F79EFBC}") = "BenchSetup", "BenchSetup.csproj", "{DA29F93F-382F-46FD-93DD-AA0EF6D87BD5}"
EndProject
Global
	GlobalSection(SolutionConfigurationPlatforms) = preSolution
		Debug|Any CPU = Debug|Any CPU
		Release|Any CPU = Release|Any CPU
	EndGlobalSection
	GlobalSection(ProjectConfigurationPlatforms) = postSolution
		{DA29F93F-382F-46FD-93DD-AA0EF6D87BD5}.Debug|Any CPU.ActiveCfg = Debug|Any CPU
		{DA29F93F-382F-46FD-93DD-AA0EF6D87BD5}.Debug|Any CPU.Build.0 = Debug|Any CPU
		{DA29F93F-382F-46FD-93DD-AA0EF6D87BD5}.Release|Any CPU.ActiveCfg = Release|Any CPU
		{DA29F93F-382F-46FD-93DD-AA0EF6D87BD5}.Release|Any CPU.Build.0 = Release|Any CPU
	EndGlobalSection
	GlobalSection(SolutionProperties) = preSolution
		HideSolutionNode = FALSE
	EndGlobalSection
	GlobalSection(ExtensibilityGlobals) = postSolution
		SolutionGuid = {B90C45AA-9BC9-4E33-9E3B-A0C9FFA521CA}
	EndGlobalSection
EndGlobal
